
Microsoft Visual Studio Solution File, Format Version 12.00
# Visual Studio 2013
VisualStudioVersion = 12.0.40629.0
MinimumVisualStudioVersion = 10.0.40219.1
Project("{8BC9CEB8-8B4A-11D0-8D11-00A0C91BC942}") = "VolumeShapes", "VolumeShapes\VolumeShapes.vcxproj", "{4D2655A6-C634-4BD2-AE7F-CA06D4B60A0D}"
EndProject
Project("{8BC9CEB8-8B4A-11D0-8D11-00A0C91BC942}") = "FlatShapes", "FlatShapes\FlatShapes.vcxproj", "{A18D230F-55F9-4278-87AB-A78E57FB0F57}"
EndProject
Project("{8BC9CEB8-8B4A-11D0-8D11-00A0C91BC942}") = "Parallelepiped", "Parallelepiped\Parallelepiped.vcxproj", "{7143B41F-709C-40D1-9E3E-7512E1D0FAD0}"
EndProject
Global
	GlobalSection(SolutionConfigurationPlatforms) = preSolution
		Debug|Win32 = Debug|Win32
		Release|Win32 = Release|Win32
	EndGlobalSection
	GlobalSection(ProjectConfigurationPlatforms) = postSolution
		{4D2655A6-C634-4BD2-AE7F-CA06D4B60A0D}.Debug|Win32.ActiveCfg = Debug|Win32
		{4D2655A6-C634-4BD2-AE7F-CA06D4B60A0D}.Debug|Win32.Build.0 = Debug|Win32
		{4D2655A6-C634-4BD2-AE7F-CA06D4B60A0D}.Release|Win32.ActiveCfg = Release|Win32
		{4D2655A6-C634-4BD2-AE7F-CA06D4B60A0D}.Release|Win32.Build.0 = Release|Win32
		{A18D230F-55F9-4278-87AB-A78E57FB0F57}.Debug|Win32.ActiveCfg = Debug|Win32
		{A18D230F-55F9-4278-87AB-A78E57FB0F57}.Debug|Win32.Build.0 = Debug|Win32
		{A18D230F-55F9-4278-87AB-A78E57FB0F57}.Release|Win32.ActiveCfg = Release|Win32
		{A18D230F-55F9-4278-87AB-A78E57FB0F57}.Release|Win32.Build.0 = Release|Win32
		{7143B41F-709C-40D1-9E3E-7512E1D0FAD0}.Debug|Win32.ActiveCfg = Debug|Win32
		{7143B41F-709C-40D1-9E3E-7512E1D0FAD0}.Debug|Win32.Build.0 = Debug|Win32
		{7143B41F-709C-40D1-9E3E-7512E1D0FAD0}.Release|Win32.ActiveCfg = Release|Win32
		{7143B41F-709C-40D1-9E3E-7512E1D0FAD0}.Release|Win32.Build.0 = Release|Win32
	EndGlobalSection
	GlobalSection(SolutionProperties) = preSolution
		HideSolutionNode = FALSE
	EndGlobalSection
EndGlobal
