
Microsoft Visual Studio Solution File, Format Version 12.00
# Visual Studio 2013
VisualStudioVersion = 12.0.40629.0
MinimumVisualStudioVersion = 10.0.40219.1
Project("{8BC9CEB8-8B4A-11D0-8D11-00A0C91BC942}") = "SortStructures", "SortStructures\SortStructures.vcxproj", "{49A09A48-141C-455B-92FA-6F6DF3469330}"
EndProject
Global
	GlobalSection(SolutionConfigurationPlatforms) = preSolution
		Debug|Win32 = Debug|Win32
		Release|Win32 = Release|Win32
	EndGlobalSection
	GlobalSection(ProjectConfigurationPlatforms) = postSolution
		{49A09A48-141C-455B-92FA-6F6DF3469330}.Debug|Win32.ActiveCfg = Debug|Win32
		{49A09A48-141C-455B-92FA-6F6DF3469330}.Debug|Win32.Build.0 = Debug|Win32
		{49A09A48-141C-455B-92FA-6F6DF3469330}.Release|Win32.ActiveCfg = Release|Win32
		{49A09A48-141C-455B-92FA-6F6DF3469330}.Release|Win32.Build.0 = Release|Win32
	EndGlobalSection
	GlobalSection(SolutionProperties) = preSolution
		HideSolutionNode = FALSE
	EndGlobalSection
EndGlobal
