
Microsoft Visual Studio Solution File, Format Version 12.00
# Visual Studio Version 16
VisualStudioVersion = 16.0.30907.101
MinimumVisualStudioVersion = 10.0.40219.1
Project("{8BC9CEB8-8B4A-11D0-8D11-00A0C91BC942}") = "Піраміда (шаблон класу)", "Піраміда (шаблон класу)\Піраміда (шаблон класу).vcxproj", "{0337090D-C349-4391-B3A2-28B57144774F}"
EndProject
Global
	GlobalSection(SolutionConfigurationPlatforms) = preSolution
		Debug|x64 = Debug|x64
		Debug|x86 = Debug|x86
		Release|x64 = Release|x64
		Release|x86 = Release|x86
	EndGlobalSection
	GlobalSection(ProjectConfigurationPlatforms) = postSolution
		{0337090D-C349-4391-B3A2-28B57144774F}.Debug|x64.ActiveCfg = Debug|x64
		{0337090D-C349-4391-B3A2-28B57144774F}.Debug|x64.Build.0 = Debug|x64
		{0337090D-C349-4391-B3A2-28B57144774F}.Debug|x86.ActiveCfg = Debug|Win32
		{0337090D-C349-4391-B3A2-28B57144774F}.Debug|x86.Build.0 = Debug|Win32
		{0337090D-C349-4391-B3A2-28B57144774F}.Release|x64.ActiveCfg = Release|x64
		{0337090D-C349-4391-B3A2-28B57144774F}.Release|x64.Build.0 = Release|x64
		{0337090D-C349-4391-B3A2-28B57144774F}.Release|x86.ActiveCfg = Release|Win32
		{0337090D-C349-4391-B3A2-28B57144774F}.Release|x86.Build.0 = Release|Win32
	EndGlobalSection
	GlobalSection(SolutionProperties) = preSolution
		HideSolutionNode = FALSE
	EndGlobalSection
	GlobalSection(ExtensibilityGlobals) = postSolution
		SolutionGuid = {8C62E167-DD95-4898-B924-8570A74657B6}
	EndGlobalSection
EndGlobal
