
Microsoft Visual Studio Solution File, Format Version 12.00
# Visual Studio 15
VisualStudioVersion = 15.0.28307.539
MinimumVisualStudioVersion = 10.0.40219.1
Project("{8BC9CEB8-8B4A-11D0-8D11-00A0C91BC942}") = "TemplateFromClass", "TemplateFromClass.vcxproj", "{1191A98C-C2BD-4661-ACEA-6B58E35BFABF}"
EndProject
Global
	GlobalSection(SolutionConfigurationPlatforms) = preSolution
		Debug|x64 = Debug|x64
		Debug|x86 = Debug|x86
		Release|x64 = Release|x64
		Release|x86 = Release|x86
	EndGlobalSection
	GlobalSection(ProjectConfigurationPlatforms) = postSolution
		{1191A98C-C2BD-4661-ACEA-6B58E35BFABF}.Debug|x64.ActiveCfg = Debug|x64
		{1191A98C-C2BD-4661-ACEA-6B58E35BFABF}.Debug|x64.Build.0 = Debug|x64
		{1191A98C-C2BD-4661-ACEA-6B58E35BFABF}.Debug|x86.ActiveCfg = Debug|Win32
		{1191A98C-C2BD-4661-ACEA-6B58E35BFABF}.Debug|x86.Build.0 = Debug|Win32
		{1191A98C-C2BD-4661-ACEA-6B58E35BFABF}.Release|x64.ActiveCfg = Release|x64
		{1191A98C-C2BD-4661-ACEA-6B58E35BFABF}.Release|x64.Build.0 = Release|x64
		{1191A98C-C2BD-4661-ACEA-6B58E35BFABF}.Release|x86.ActiveCfg = Release|Win32
		{1191A98C-C2BD-4661-ACEA-6B58E35BFABF}.Release|x86.Build.0 = Release|Win32
	EndGlobalSection
	GlobalSection(SolutionProperties) = preSolution
		HideSolutionNode = FALSE
	EndGlobalSection
	GlobalSection(ExtensibilityGlobals) = postSolution
		SolutionGuid = {D206BA45-071C-44C0-B2BE-28DB43BB11F5}
	EndGlobalSection
EndGlobal
